{
  "lockfileVersion": 1,
  "configVersion": 1,
  "workspaces": {
    "": {
      "name": "homesafe",
      "dependencies": {
        "@aws-sdk/client-bedrock-runtime": "^3.1110.0",
        "csv-parse": "^7.0.2",
        "pg": "^8.23.0",
      },
      "devDependencies": {
        "@types/bun": "latest",
        "@types/pg": "^8.21.0",
      },
      "peerDependencies": {
        "typescript": "^7.0.2",
      },
    },
  },
  "packages": {
    "@aws-sdk/client-bedrock-runtime": ["@aws-sdk/client-bedrock-runtime@3.1110.0", "", { "dependencies": { "@aws-sdk/core": "^3.977.7", "@aws-sdk/credential-provider-node": "^3.972.79", "@aws-sdk/eventstream-handler-node": "^3.972.32", "@aws-sdk/middleware-eventstream": "^3.972.27", "@aws-sdk/middleware-websocket": "^3.972.50", "@aws-sdk/token-providers": "3.1110.0", "@aws-sdk/types": "^3.974.3", "@smithy/core": "^3.31.1", "@smithy/fetch-http-handler": "^5.6.13", "@smithy/node-http-handler": "^4.9.13", "@smithy/types": "^4.16.1", "tslib": "^2.6.2" } }, "sha512-Pv0t4Sc1KHbYEUFSS9tCk48t/73gNGMKDr3mDju22SM4LM8DfkVXKnUtexqbGtDUujUVQOaAa3De/W0LJepG4g=="],

    "@aws-sdk/core": ["@aws-sdk/core@3.977.7", "", { "dependencies": { "@aws-sdk/types": "^3.974.3", "@aws-sdk/xml-builder": "^3.972.38", "@aws/lambda-invoke-store": "^0.3.0", "@smithy/core": "^3.31.1", "@smithy/signature-v4": "^5.6.12", "@smithy/types": "^4.16.1", "bowser": "^2.11.0", "tslib": "^2.6.2" } }, "sha512-I88Iov89NVmjSmJLKSv7Cn9M2J+a2942OkA8nZCbz+sl4ZeY4zEOcoLOrbt1GRfQ8zEQKnjAJdXixA3J/p1fDQ=="],

    "@aws-sdk/credential-provider-env": ["@aws-sdk/credential-provider-env@3.972.68", "", { "dependencies": { "@aws-sdk/core": "^3.977.7", "@aws-sdk/types": "^3.974.3", "@smithy/core": "^3.31.1", "@smithy/types": "^4.16.1", "tslib": "^2.6.2" } }, "sha512-2a20A/IdNOwUvaDq91iqqS7BA0XlNMfW3iLGZGZLJv0EbUqhSxB0PIx4rQQqssvWj1uXImb3/UCCdHz/+1dOiA=="],

    "@aws-sdk/credential-provider-http": ["@aws-sdk/credential-provider-http@3.972.70", "", { "dependencies": { "@aws-sdk/core": "^3.977.7", "@aws-sdk/types": "^3.974.3", "@smithy/core": "^3.31.1", "@smithy/fetch-http-handler": "^5.6.13", "@smithy/node-http-handler": "^4.9.13", "@smithy/types": "^4.16.1", "tslib": "^2.6.2" } }, "sha512-0yRem2Fs52r/Nn6UAqIlpjexfaYj8ziEozOe9tamtAVT/5bzFLKx8O2r7MaRqgS3hGKHIa1Jij9nKHSsNnb04A=="],

    "@aws-sdk/credential-provider-ini": ["@aws-sdk/credential-provider-ini@3.973.13", "", { "dependencies": { "@aws-sdk/core": "^3.977.7", "@aws-sdk/credential-provider-env": "^3.972.68", "@aws-sdk/credential-provider-http": "^3.972.70", "@aws-sdk/credential-provider-login": "^3.972.75", "@aws-sdk/credential-provider-process": "^3.972.68", "@aws-sdk/credential-provider-sso": "^3.973.12", "@aws-sdk/credential-provider-web-identity": "^3.972.74", "@aws-sdk/nested-clients": "^3.997.42", "@aws-sdk/types": "^3.974.3", "@smithy/core": "^3.31.1", "@smithy/credential-provider-imds": "^4.4.16", "@smithy/types": "^4.16.1", "tslib": "^2.6.2" } }, "sha512-2M39DE02XpYYaSWYk/4AsImXYUU/1L2xmTMLUpMMWq7DfLv191/vCRy3baKtdr45AkJQyVgSjmuVOLm15SwrRQ=="],

    "@aws-sdk/credential-provider-login": ["@aws-sdk/credential-provider-login@3.972.75", "", { "dependencies": { "@aws-sdk/core": "^3.977.7", "@aws-sdk/nested-clients": "^3.997.42", "@aws-sdk/types": "^3.974.3", "@smithy/core": "^3.31.1", "@smithy/types": "^4.16.1", "tslib": "^2.6.2" } }, "sha512-jaTESuJlQsoUZ44f/i2puyPt8VlF/dMMJ9HM3cStYtk7eKX4N9UWi83OLixUkoOJH3BwWlPLCq9YIK9nfWhVBg=="],

    "@aws-sdk/credential-provider-node": ["@aws-sdk/credential-provider-node@3.972.79", "", { "dependencies": { "@aws-sdk/credential-provider-env": "^3.972.68", "@aws-sdk/credential-provider-http": "^3.972.70", "@aws-sdk/credential-provider-ini": "^3.973.13", "@aws-sdk/credential-provider-process": "^3.972.68", "@aws-sdk/credential-provider-sso": "^3.973.12", "@aws-sdk/credential-provider-web-identity": "^3.972.74", "@aws-sdk/types": "^3.974.3", "@smithy/core": "^3.31.1", "@smithy/credential-provider-imds": "^4.4.16", "@smithy/types": "^4.16.1", "tslib": "^2.6.2" } }, "sha512-RIw5dof1EHkWubrZzPC941CDtnFG1iAXsxbFgLkhdYZXHc4icU13c/uxSMI0J5eUx9bxa7LjfpdjfClBB1QsDA=="],

    "@aws-sdk/credential-provider-process": ["@aws-sdk/credential-provider-process@3.972.68", "", { "dependencies": { "@aws-sdk/core": "^3.977.7", "@aws-sdk/types": "^3.974.3", "@smithy/core": "^3.31.1", "@smithy/types": "^4.16.1", "tslib": "^2.6.2" } }, "sha512-nLP3Pda2MQTFJ25hKBMmUuB9Uv+bTZQNlufbeCwklP549Vwnkd8bRLJoCKp5k6xjmdyptrPrOfGOhN0mKuca8A=="],

    "@aws-sdk/credential-provider-sso": ["@aws-sdk/credential-provider-sso@3.973.12", "", { "dependencies": { "@aws-sdk/core": "^3.977.7", "@aws-sdk/nested-clients": "^3.997.42", "@aws-sdk/token-providers": "3.1108.0", "@aws-sdk/types": "^3.974.3", "@smithy/core": "^3.31.1", "@smithy/types": "^4.16.1", "tslib": "^2.6.2" } }, "sha512-EmgyyHn+f9WCcelp3L/vci+LGbX8GigWaVphRArjVo5Pktkr9YnLy/mQ6VDkDyBD72dtfRNTgHmD2ts4rTDXKQ=="],

    "@aws-sdk/credential-provider-web-identity": ["@aws-sdk/credential-provider-web-identity@3.972.74", "", { "dependencies": { "@aws-sdk/core": "^3.977.7", "@aws-sdk/nested-clients": "^3.997.42", "@aws-sdk/types": "^3.974.3", "@smithy/core": "^3.31.1", "@smithy/types": "^4.16.1", "tslib": "^2.6.2" } }, "sha512-0YfczxGXF3RjGj8z7QG/Ho2HnLGKDHfPSHiTs47UU1U/+mmwISDN+rvGKt2zh+3FX8NdT4xd95LGBGyhQw2dgQ=="],

    "@aws-sdk/eventstream-handler-node": ["@aws-sdk/eventstream-handler-node@3.972.32", "", { "dependencies": { "@aws-sdk/types": "^3.974.3", "@smithy/core": "^3.31.1", "@smithy/types": "^4.16.1", "tslib": "^2.6.2" } }, "sha512-rlbmsMG7ZNgrVhWSqqXpq6y9hfiREyzCg3CNTk9UK+AoP7+65kOkqpWmqwLfV1UrRSHATdLnZF2rt9ZTUxYQJA=="],

    "@aws-sdk/middleware-eventstream": ["@aws-sdk/middleware-eventstream@3.972.27", "", { "dependencies": { "@aws-sdk/types": "^3.974.3", "@smithy/core": "^3.31.1", "@smithy/types": "^4.16.1", "tslib": "^2.6.2" } }, "sha512-M7Ay1VpBpf/YFfic9kkjwE3wyCh4G0gEM4RypRXYm7aPjyfqi+D8FEYMR2E3IqbvN+qi2rEFYAiwWL0XHtQYdQ=="],

    "@aws-sdk/middleware-websocket": ["@aws-sdk/middleware-websocket@3.972.50", "", { "dependencies": { "@aws-sdk/core": "^3.977.7", "@aws-sdk/types": "^3.974.3", "@smithy/core": "^3.31.1", "@smithy/fetch-http-handler": "^5.6.13", "@smithy/signature-v4": "^5.6.12", "@smithy/types": "^4.16.1", "tslib": "^2.6.2" } }, "sha512-gdcWRbmIf1dWA/prf44Bnnzgqj+AbsXX2yfhZhOQLwSm7NfKIYPmkRlPqP0CTepHzjxMIBdWBDdtQB+Y/dFUeg=="],

    "@aws-sdk/nested-clients": ["@aws-sdk/nested-clients@3.997.42", "", { "dependencies": { "@aws-sdk/core": "^3.977.7", "@aws-sdk/signature-v4-multi-region": "^3.996.44", "@aws-sdk/types": "^3.974.3", "@smithy/core": "^3.31.1", "@smithy/fetch-http-handler": "^5.6.13", "@smithy/node-http-handler": "^4.9.13", "@smithy/types": "^4.16.1", "tslib": "^2.6.2" } }, "sha512-XWRyon2MTHXD/zMoo0Mbge6Vwf+iE0qQaM/RyGO6NfZ9WukCFiQL27nQVZjYy2JwSIg+iXZxKOX95OBXqlSM4w=="],

    "@aws-sdk/signature-v4-multi-region": ["@aws-sdk/signature-v4-multi-region@3.996.44", "", { "dependencies": { "@aws-sdk/types": "^3.974.3", "@smithy/signature-v4": "^5.6.12", "@smithy/types": "^4.16.1", "tslib": "^2.6.2" } }, "sha512-ZSfQ35Qn4MhSY+A0Whyr+KBx+wJKZUyBsOrjB2pSHOafRzbFe47T8XcXM8hZqUAC69qnqIy0C9ArxTuud0CC2w=="],

    "@aws-sdk/token-providers": ["@aws-sdk/token-providers@3.1110.0", "", { "dependencies": { "@aws-sdk/core": "^3.977.7", "@aws-sdk/nested-clients": "^3.997.42", "@aws-sdk/types": "^3.974.3", "@smithy/core": "^3.31.1", "@smithy/types": "^4.16.1", "tslib": "^2.6.2" } }, "sha512-QM6f+d90+azDh0zlLKc6ALWdbz3v+2MV0gLmZWqBiRrLud39yf/n/IpcSo0rXwl3/jlt0mhJqdA3tJsA/yYlew=="],

    "@aws-sdk/types": ["@aws-sdk/types@3.974.3", "", { "dependencies": { "@smithy/types": "^4.16.1", "tslib": "^2.6.2" } }, "sha512-ECAqfpNsef+7MO8qtR0h9KcFIBAygaE7Cm6UOiQl+ft+uVap+1G7bNEjs4mdJE2OnA4m6k7i8peH8uGIAsOMGw=="],

    "@aws-sdk/xml-builder": ["@aws-sdk/xml-builder@3.972.38", "", { "dependencies": { "@smithy/types": "^4.16.1", "tslib": "^2.6.2" } }, "sha512-grf7mzfVxBS5AlsuTvBN7uDpzqohFww9fRPCO+EBSUdvtsYMcPSKdz54h/7XiscqNcUM1Ae1MF7JLHmiYYuzbQ=="],

    "@aws/lambda-invoke-store": ["@aws/lambda-invoke-store@0.3.0", "", {}, "sha512-sl4Bm6yiMNYrZKkqqDFWN0UfnWhlS8ivKxrYl+6t0gCLrqr8y3B2IqZZbFRkfaVVp7C/baApyh71P+LeE1A2sQ=="],

    "@smithy/core": ["@smithy/core@3.33.0", "", { "dependencies": { "@smithy/types": "^4.17.0", "tslib": "^2.6.2" } }, "sha512-uKbkxgqLyepQDZoq8aRSdUqD1ID//rOqG96ixBhp++O7vBtmwYM6fwldGhr9HJP0iYrdc7GP/AlgzPWEZIrNRg=="],

    "@smithy/credential-provider-imds": ["@smithy/credential-provider-imds@4.5.0", "", { "dependencies": { "@smithy/core": "^3.32.0", "@smithy/types": "^4.17.0", "tslib": "^2.6.2" } }, "sha512-2jsPi+7Zv2hSzD9IXR9D7DTqSn7mv4XalzRm+bESh53jiaUS3NKEUbpQFTJP0HhQy9qzZvluxQ3yS24zdRrqsA=="],

    "@smithy/fetch-http-handler": ["@smithy/fetch-http-handler@5.7.0", "", { "dependencies": { "@smithy/core": "^3.32.0", "@smithy/types": "^4.17.0", "tslib": "^2.6.2" } }, "sha512-W/exA8T0LEzCQtJ02w4IzaEQPIspgarqZprb7W8FwnYiDowgCrjl2fTQ6FvuSSUnJORuepBF81abmBJwqh+0XQ=="],

    "@smithy/node-http-handler": ["@smithy/node-http-handler@4.11.0", "", { "dependencies": { "@smithy/core": "^3.33.0", "@smithy/types": "^4.17.0", "tslib": "^2.6.2" } }, "sha512-ssHIZsadPUA3lGdnoByxfnjtb9xPYQLvdfJRLKIwxOoa6tO1suG4sLFSsgd7D/CsvYd8QbBIuKTImuJha5l6aQ=="],

    "@smithy/signature-v4": ["@smithy/signature-v4@5.7.0", "", { "dependencies": { "@smithy/core": "^3.32.0", "@smithy/types": "^4.17.0", "tslib": "^2.6.2" } }, "sha512-hCynhm22wMJ8wTF9crcwu8mxggtUrSLLJgDcGUvYFBqpofxycYJCGKOMYg4xtPPFtgNiDJSYmhsWLTrcU/g59Q=="],

    "@smithy/types": ["@smithy/types@4.17.0", "", { "dependencies": { "tslib": "^2.6.2" } }, "sha512-Aw4joiM0ZdErpo39lCj8phT2lxoiKZV+KZzBxnnQhWVtU2Is/WffQSL04uUWRcXUse9Ln8vXZK6V/FwqRVnQpg=="],

    "@types/bun": ["@types/bun@1.3.14", "", { "dependencies": { "bun-types": "1.3.14" } }, "sha512-h1hFqFVcvAvD9j9K7ZW7vd82aSA+rTdznZa+5bwvCwqSB1jmmfLcbIWhOLx1/+boy/xmjgCs/OMUL8hRJSmnPw=="],

    "@types/node": ["@types/node@26.2.0", "", { "dependencies": { "undici-types": "~8.3.0" } }, "sha512-5IviulTZeRNp2vAJ514cc/HUlY5nZ9fCbq9DMyC52BrhFZACo3nI0R7qBxhQmo/d27NFe96ur/b7Wwxklda+kg=="],

    "@types/pg": ["@types/pg@8.21.0", "", { "dependencies": { "@types/node": "*", "pg-protocol": "*", "pg-types": "^2.2.0" } }, "sha512-AYdtudzabjLZgVgRZmAnU8bAnVUXzuJX2IYHeSIiIHm68olD+LgQYCGWdtcNYnP0uq9c4S4NibVG3Ni7VbKW7Q=="],

    "@typescript/typescript-aix-ppc64": ["@typescript/typescript-aix-ppc64@7.0.2", "", { "os": "aix", "cpu": "ppc64" }, "sha512-MTKKkWB7p/0E9xi1d1tHtZ5PiLkGEMIq88pK2CubZjOsLtYTLqhgIgi6zepFa+9GHZ6h05NMCkQxGKiPXMxXtQ=="],

    "@typescript/typescript-darwin-arm64": ["@typescript/typescript-darwin-arm64@7.0.2", "", { "os": "darwin", "cpu": "arm64" }, "sha512-gowzar9MwS/aRWp6f3a4KUqzRjAZjOsmGNCM6LcTgXum+dBfgsBVMN+AgvOCCbguXyick6LJhpBszxMebJ8syA=="],

    "@typescript/typescript-darwin-x64": ["@typescript/typescript-darwin-x64@7.0.2", "", { "os": "darwin", "cpu": "x64" }, "sha512-SZ9xZInqApNlNGc9s0W1VSsktYSOe9cFqNOIqmN1Gs8SmkjKZYFt017G4VwPxASInODuAdbTW7sXiFUf893RgA=="],

    "@typescript/typescript-freebsd-arm64": ["@typescript/typescript-freebsd-arm64@7.0.2", "", { "os": "freebsd", "cpu": "arm64" }, "sha512-W5NH4y/J0plIIS5b2xvTEkU7JFxyqdMAOgf+Ilhl0vHQXKO5dZoxd+C/jEtq56c4F3wk71RB4BMRQ2XdI+bwYQ=="],

    "@typescript/typescript-freebsd-x64": ["@typescript/typescript-freebsd-x64@7.0.2", "", { "os": "freebsd", "cpu": "x64" }, "sha512-UMGDx5sTpzNw3WiPebH7l90IWfJggEd+egHt/q6p7/Cm3zqoV7VxkGXt+3DxPIw8CcmvAB0j3sVVfbhX+M4Tpw=="],

    "@typescript/typescript-linux-arm": ["@typescript/typescript-linux-arm@7.0.2", "", { "os": "linux", "cpu": "arm" }, "sha512-gffT3xPz9sR7j/YJExkyPntrI0P2EP9XbOyWzth2/Gs0RstK+90RBcO0ncXoXy/beYll1SXw846Nf2zdnEz0QQ=="],

    "@typescript/typescript-linux-arm64": ["@typescript/typescript-linux-arm64@7.0.2", "", { "os": "linux", "cpu": "arm64" }, "sha512-Qh4eU4/y3yDjnfjjyPYihMj5/ODIlmt+Bzu17OI+fiSRDW57QmU5SiN63exPRNJPKUzcc1INa1NXdrJ+MqHjUQ=="],

    "@typescript/typescript-linux-loong64": ["@typescript/typescript-linux-loong64@7.0.2", "", { "os": "linux", "cpu": "none" }, "sha512-uEHck9i8hoAzXPiYRib1O7miOnz23SxIeVl6F4LXox+qov1K35jHcEW6VHKvZI+pyvl7fZEP4MCU5LYvIq1GuQ=="],

    "@typescript/typescript-linux-mips64el": ["@typescript/typescript-linux-mips64el@7.0.2", "", { "os": "linux", "cpu": "none" }, "sha512-R4KvAMnE43W5Qeqb0Ly56O3mWMWIAgsMyz36DCaycd5nbg/9kzm0liw3JocfRqyJY0KPmzFjbswozXyW0DnIYA=="],

    "@typescript/typescript-linux-ppc64": ["@typescript/typescript-linux-ppc64@7.0.2", "", { "os": "linux", "cpu": "ppc64" }, "sha512-DORx5b3sd/4S7eayxm4FQv+A7CrkUIGRaHiwI8oiHTAI1fAPWhF4J0vAlkC8biAlHSVVwxMQ3tjZ2/DVbnQiiA=="],

    "@typescript/typescript-linux-riscv64": ["@typescript/typescript-linux-riscv64@7.0.2", "", { "os": "linux", "cpu": "none" }, "sha512-wf0jqEDOjrPRnKwYRyyJDRo11KMbvMFrU+q4zqKyChODBzvlkbhNQfKvLxQCcwTpdDaXSHZTVuh0JoCrKCUMHQ=="],

    "@typescript/typescript-linux-s390x": ["@typescript/typescript-linux-s390x@7.0.2", "", { "os": "linux", "cpu": "s390x" }, "sha512-IkwJc3L7yhytWd/ewjyxNDfOmswCm9GWMJT/ue/dU4aZNbwZeYAetq42VyLmsmSjvoX7z74X6ZaYCtzAr0EuGw=="],

    "@typescript/typescript-linux-x64": ["@typescript/typescript-linux-x64@7.0.2", "", { "os": "linux", "cpu": "x64" }, "sha512-EYdf2cNg7rgCWJnxCdJ+F3V39O8ihb37eHAu1LK8oAFizgTQbPOK7zHHXbPt8rX24COqODXeI3sIf0fCXG7H/A=="],

    "@typescript/typescript-netbsd-arm64": ["@typescript/typescript-netbsd-arm64@7.0.2", "", { "os": "none", "cpu": "arm64" }, "sha512-+polYF4MF04aPpO5FTkHran9yUQDSXqy5GiSDKpsll5jy3l3+g9QLhpf39T+ePtefhXLOGrLl0QIjkQP6VnelA=="],

    "@typescript/typescript-netbsd-x64": ["@typescript/typescript-netbsd-x64@7.0.2", "", { "os": "none", "cpu": "x64" }, "sha512-8YIT0EHM/3dq10ZOVF/A7pc/YSMtbcecct4rWtexrnSCHOPcpC2KTLXfTCR6vDpnSiY12heNb1GiN/wu+T/FyA=="],

    "@typescript/typescript-openbsd-arm64": ["@typescript/typescript-openbsd-arm64@7.0.2", "", { "os": "openbsd", "cpu": "arm64" }, "sha512-APT8+ClYnuYm1u9+kgGXoMj2VzWzcymwh2gNSQVySHfkRDGOTVkoWLjCmOQSaO+PoqQ57B0flRp9SA+7GnnkzQ=="],

    "@typescript/typescript-openbsd-x64": ["@typescript/typescript-openbsd-x64@7.0.2", "", { "os": "openbsd", "cpu": "x64" }, "sha512-yX7s+Q0Dln0Dt9tEzZsAjXXR/+ytBM7AlglaqyeMPxQszJ1JhlJdZ6jLA+IzldHtflX81em7lDao1xXu+aRRkg=="],

    "@typescript/typescript-sunos-x64": ["@typescript/typescript-sunos-x64@7.0.2", "", { "os": "sunos", "cpu": "x64" }, "sha512-dLJDGaLZ1D4HPQn62u1n8mBDkJREwMsAkCdkwd4Ieqw+x3TUyTsqY0YiBCtE6H6OzzgGk3iuZ3vFWRS+E8/d1g=="],

    "@typescript/typescript-win32-arm64": ["@typescript/typescript-win32-arm64@7.0.2", "", { "os": "win32", "cpu": "arm64" }, "sha512-Gyl1Vy6OsWesLzmq+EP0Fb7b4Nid5232AvcA2SFcdYreldpNtYFFofPjnt62y9hQy7VTaZp65ICJjuAQRaVcIQ=="],

    "@typescript/typescript-win32-x64": ["@typescript/typescript-win32-x64@7.0.2", "", { "os": "win32", "cpu": "x64" }, "sha512-0BQ3HkAHHlKLSp1qRvf3SUhGpGsDuhB/jgFw75guyqbxJqEaS0Cw/VFO8i2nHglJUzQCRtMMR/IBAKE3ETMC4g=="],

    "bowser": ["bowser@2.14.1", "", {}, "sha512-tzPjzCxygAKWFOJP011oxFHs57HzIhOEracIgAePE4pqB3LikALKnSzUyU4MGs9/iCEUuHlAJTjTc5M+u7YEGg=="],

    "bun-types": ["bun-types@1.3.14", "", { "dependencies": { "@types/node": "*" } }, "sha512-4N0ig0fEomHt5R0KCFWjovxow98rIoRwKolrYdCcknNwMekCXRnWEUvgu5soYV8QXtVsrUD8B95MBOZGPvr6KQ=="],

    "csv-parse": ["csv-parse@7.0.2", "", {}, "sha512-uKZghv9UmPkMVLYy//KZ9HFAIJsl7wkhoEdIL0+rhuSY9pZQlhaeGEDPIe+/w7eh81MOql8Q/9+inAGWG6ZHYA=="],

    "pg": ["pg@8.23.0", "", { "dependencies": { "pg-connection-string": "^2.14.0", "pg-pool": "^3.14.0", "pg-protocol": "^1.16.0", "pg-types": "2.2.0", "pgpass": "1.0.5" }, "optionalDependencies": { "pg-cloudflare": "^1.4.0" }, "peerDependencies": { "pg-native": ">=3.0.1" }, "optionalPeers": ["pg-native"] }, "sha512-Ip2EQCngowJLGOfCwkFhPXU7/ljlhn6Rxlmy4XYfL2Y+vyRM59+8uR2xqRWKdYmbXmxCFOAmKxBuSUCdF34qLg=="],

    "pg-cloudflare": ["pg-cloudflare@1.4.0", "", {}, "sha512-Vo7z/6rrQYxpNRylp4Tlob2elzbh+N/MOQbxFVWCxS7oEx6jF53GTJFxK2WWpKuBRkmiin4Mt+xofFDjx09R0A=="],

    "pg-connection-string": ["pg-connection-string@2.14.0", "", {}, "sha512-XwWDGcLRGCXAR8F/AM5bG7Q+A3Wm2s6QeEjlOKZLlH3UYcguiqCWKyWXVag5TLTIjR7oOJUY8kcADaZgWPyLeg=="],

    "pg-int8": ["pg-int8@1.0.1", "", {}, "sha512-WCtabS6t3c8SkpDBUlb1kjOs7l66xsGdKpIPZsg4wR+B3+u9UAum2odSsF9tnvxg80h4ZxLWMy4pRjOsFIqQpw=="],

    "pg-pool": ["pg-pool@3.14.0", "", { "peerDependencies": { "pg": ">=8.0" } }, "sha512-gKtPkFdQPU3DksooVLi9LsjZxrsBUZIpa+7aVx+LV5pNh0KzP4Zleud2po+ConrxbuXGBJ6Hfer6hdgpIBpBaw=="],

    "pg-protocol": ["pg-protocol@1.16.0", "", {}, "sha512-sILXutLVjCLjcDuOmvhX5e2Z4cS5qG/6Bu3VkpFwdf/633ElGLpEh9bgmuI5I4sqKqkifQiGyiCcx1HdtrK7tg=="],

    "pg-types": ["pg-types@2.2.0", "", { "dependencies": { "pg-int8": "1.0.1", "postgres-array": "~2.0.0", "postgres-bytea": "~1.0.0", "postgres-date": "~1.0.4", "postgres-interval": "^1.1.0" } }, "sha512-qTAAlrEsl8s4OiEQY69wDvcMIdQN6wdz5ojQiOy6YRMuynxenON0O5oCpJI6lshc6scgAY8qvJ2On/p+CXY0GA=="],

    "pgpass": ["pgpass@1.0.5", "", { "dependencies": { "split2": "^4.1.0" } }, "sha512-FdW9r/jQZhSeohs1Z3sI1yxFQNFvMcnmfuj4WBMUTxOrAyLMaTcE1aAMBiTlbMNaXvBCQuVi0R7hd8udDSP7ug=="],

    "postgres-array": ["postgres-array@2.0.0", "", {}, "sha512-VpZrUqU5A69eQyW2c5CA1jtLecCsN2U/bD6VilrFDWq5+5UIEVO7nazS3TEcHf1zuPYO/sqGvUvW62g86RXZuA=="],

    "postgres-bytea": ["postgres-bytea@1.0.1", "", {}, "sha512-5+5HqXnsZPE65IJZSMkZtURARZelel2oXUEO8rH83VS/hxH5vv1uHquPg5wZs8yMAfdv971IU+kcPUczi7NVBQ=="],

    "postgres-date": ["postgres-date@1.0.7", "", {}, "sha512-suDmjLVQg78nMK2UZ454hAG+OAW+HQPZ6n++TNDUX+L0+uUlLywnoxJKDou51Zm+zTCjrCl0Nq6J9C5hP9vK/Q=="],

    "postgres-interval": ["postgres-interval@1.2.0", "", { "dependencies": { "xtend": "^4.0.0" } }, "sha512-9ZhXKM/rw350N1ovuWHbGxnGh/SNJ4cnxHiM0rxE4VN41wsg8P8zWn9hv/buK00RP4WvlOyr/RBDiptyxVbkZQ=="],

    "split2": ["split2@4.2.0", "", {}, "sha512-UcjcJOWknrNkF6PLX83qcHM6KHgVKNkV62Y8a5uYDVv9ydGQVwAHMKqHdJje1VTWpljG0WYpCDhrCdAOYH4TWg=="],

    "tslib": ["tslib@2.8.1", "", {}, "sha512-oJFu94HQb+KVduSUQL7wnpmqnfmLsOA/nAh6b6EH0wCEoK0/mPeXU6c3wKDV83MkOuHPRHtSXKKU99IBazS/2w=="],

    "typescript": ["typescript@7.0.2", "", { "optionalDependencies": { "@typescript/typescript-aix-ppc64": "7.0.2", "@typescript/typescript-darwin-arm64": "7.0.2", "@typescript/typescript-darwin-x64": "7.0.2", "@typescript/typescript-freebsd-arm64": "7.0.2", "@typescript/typescript-freebsd-x64": "7.0.2", "@typescript/typescript-linux-arm": "7.0.2", "@typescript/typescript-linux-arm64": "7.0.2", "@typescript/typescript-linux-loong64": "7.0.2", "@typescript/typescript-linux-mips64el": "7.0.2", "@typescript/typescript-linux-ppc64": "7.0.2", "@typescript/typescript-linux-riscv64": "7.0.2", "@typescript/typescript-linux-s390x": "7.0.2", "@typescript/typescript-linux-x64": "7.0.2", "@typescript/typescript-netbsd-arm64": "7.0.2", "@typescript/typescript-netbsd-x64": "7.0.2", "@typescript/typescript-openbsd-arm64": "7.0.2", "@typescript/typescript-openbsd-x64": "7.0.2", "@typescript/typescript-sunos-x64": "7.0.2", "@typescript/typescript-win32-arm64": "7.0.2", "@typescript/typescript-win32-x64": "7.0.2" }, "bin": { "tsc": "bin/tsc" } }, "sha512-8FYau96o3NKOhbjKi/qNvG/W5jhzxkbdm5sj9AbZ/5T5sWqn3hJgLfGx27sRKZWTvyzCP8dLRBTf5tBTSRVUNA=="],

    "undici-types": ["undici-types@8.3.0", "", {}, "sha512-j375ScV60dom+YkPFIfTLcOiPxkN/buHz5GobjLhixFuANaNs3C9l4GmrWqejgXWJ7BbJcFYpTEUkS1Ge8bpZQ=="],

    "xtend": ["xtend@4.0.2", "", {}, "sha512-LKYU1iAXJXUgAXn9URjiu+MWhyUXHsvfp7mcuYm9dSUKK0/CjtrUwFAxD82/mCWbtLsGjFIad0wIsod4zrTAEQ=="],

    "@aws-sdk/credential-provider-sso/@aws-sdk/token-providers": ["@aws-sdk/token-providers@3.1108.0", "", { "dependencies": { "@aws-sdk/core": "^3.977.7", "@aws-sdk/nested-clients": "^3.997.42", "@aws-sdk/types": "^3.974.3", "@smithy/core": "^3.31.1", "@smithy/types": "^4.16.1", "tslib": "^2.6.2" } }, "sha512-rI80zxDxGJ6904eC/YbjkdjY6JdaZvQ01kOmrMvw7cFQGIHo27fhnIVbMSVDS4T6foQImjxYSRoOu/uSJscXDw=="],
  }
}
